// !$*UTF8*$!
{
	archiveVersion = 1;
	classes = {
	};
	objectVersion = 50;
	objects = {

/* Begin PBXBuildFile section */
		2E99AF1B20D65B65000FC977 /* AppDelegate.m in Sources */ = {isa = PBXBuildFile; fileRef = 2E99AF1A20D65B65000FC977 /* AppDelegate.m */; };
		2E99AF1E20D65B65000FC977 /* ViewController.m in Sources */ = {isa = PBXBuildFile; fileRef = 2E99AF1D20D65B65000FC977 /* ViewController.m */; };
		2E99AF2120D65B65000FC977 /* Main.storyboard in Resources */ = {isa = PBXBuildFile; fileRef = 2E99AF1F20D65B65000FC977 /* Main.storyboard */; };
		2E99AF2320D65B68000FC977 /* Assets.xcassets in Resources */ = {isa = PBXBuildFile; fileRef = 2E99AF2220D65B68000FC977 /* Assets.xcassets */; };
		2E99AF2620D65B68000FC977 /* LaunchScreen.storyboard in Resources */ = {isa = PBXBuildFile; fileRef = 2E99AF2420D65B68000FC977 /* LaunchScreen.storyboard */; };
		2E99AF2920D65B68000FC977 /* main.m in Sources */ = {isa = PBXBuildFile; fileRef = 2E99AF2820D65B68000FC977 /* main.m */; };
		2E99AF3320D65B68000FC977 /* trim_interviewTests.m in Sources */ = {isa = PBXBuildFile; fileRef = 2E99AF3220D65B68000FC977 /* trim_interviewTests.m */; };
		2E99AF3E20D65B68000FC977 /* trim_interviewUITests.m in Sources */ = {isa = PBXBuildFile; fileRef = 2E99AF3D20D65B68000FC977 /* trim_interviewUITests.m */; };
		2EEADE3720D8B282004318DC /* TimerAreaViewController.m in Sources */ = {isa = PBXBuildFile; fileRef = 2EEADE3520D8B282004318DC /* TimerAreaViewController.m */; };
		2EEADE3820D8B282004318DC /* TimerAreaViewController.xib in Resources */ = {isa = PBXBuildFile; fileRef = 2EEADE3620D8B282004318DC /* TimerAreaViewController.xib */; };
/* End PBXBuildFile section */

/* Begin PBXContainerItemProxy section */
		2E99AF2F20D65B68000FC977 /* PBXContainerItemProxy */ = {
			isa = PBXContainerItemProxy;
			containerPortal = 2E99AF0E20D65B65000FC977 /* Project object */;
			proxyType = 1;
			remoteGlobalIDString = 2E99AF1520D65B65000FC977;
			remoteInfo = "trim-interview";
		};
		2E99AF3A20D65B68000FC977 /* PBXContainerItemProxy */ = {
			isa = PBXContainerItemProxy;
			containerPortal = 2E99AF0E20D65B65000FC977 /* Project object */;
			proxyType = 1;
			remoteGlobalIDString = 2E99AF1520D65B65000FC977;
			remoteInfo = "trim-interview";
		};
/* End PBXContainerItemProxy section */

/* Begin PBXFileReference section */
		2E99AF1620D65B65000FC977 /* trim-interview.app */ = {isa = PBXFileReference; explicitFileType = wrapper.application; includeInIndex = 0; path = "trim-interview.app"; sourceTree = BUILT_PRODUCTS_DIR; };
		2E99AF1920D65B65000FC977 /* AppDelegate.h */ = {isa = PBXFileReference; lastKnownFileType = sourcecode.c.h; path = AppDelegate.h; sourceTree = "<group>"; };
		2E99AF1A20D65B65000FC977 /* AppDelegate.m */ = {isa = PBXFileReference; lastKnownFileType = sourcecode.c.objc; path = AppDelegate.m; sourceTree = "<group>"; };
		2E99AF1C20D65B65000FC977 /* ViewController.h */ = {isa = PBXFileReference; lastKnownFileType = sourcecode.c.h; path = ViewController.h; sourceTree = "<group>"; };
		2E99AF1D20D65B65000FC977 /* ViewController.m */ = {isa = PBXFileReference; lastKnownFileType = sourcecode.c.objc; path = ViewController.m; sourceTree = "<group>"; };
		2E99AF2020D65B65000FC977 /* Base */ = {isa = PBXFileReference; lastKnownFileType = file.storyboard; name = Base; path = Base.lproj/Main.storyboard; sourceTree = "<group>"; };
		2E99AF2220D65B68000FC977 /* Assets.xcassets */ = {isa = PBXFileReference; lastKnownFileType = folder.assetcatalog; path = Assets.xcassets; sourceTree = "<group>"; };
		2E99AF2520D65B68000FC977 /* Base */ = {isa = PBXFileReference; lastKnownFileType = file.storyboard; name = Base; path = Base.lproj/LaunchScreen.storyboard; sourceTree = "<group>"; };
		2E99AF2720D65B68000FC977 /* Info.plist */ = {isa = PBXFileReference; lastKnownFileType = text.plist.xml; path = Info.plist; sourceTree = "<group>"; };
		2E99AF2820D65B68000FC977 /* main.m */ = {isa = PBXFileReference; lastKnownFileType = sourcecode.c.objc; path = main.m; sourceTree = "<group>"; };
		2E99AF2E20D65B68000FC977 /* trim-interviewTests.xctest */ = {isa = PBXFileReference; explicitFileType = wrapper.cfbundle; includeInIndex = 0; path = "trim-interviewTests.xctest"; sourceTree = BUILT_PRODUCTS_DIR; };
		2E99AF3220D65B68000FC977 /* trim_interviewTests.m */ = {isa = PBXFileReference; lastKnownFileType = sourcecode.c.objc; path = trim_interviewTests.m; sourceTree = "<group>"; };
		2E99AF3420D65B68000FC977 /* Info.plist */ = {isa = PBXFileReference; lastKnownFileType = text.plist.xml; path = Info.plist; sourceTree = "<group>"; };
		2E99AF3920D65B68000FC977 /* trim-interviewUITests.xctest */ = {isa = PBXFileReference; explicitFileType = wrapper.cfbundle; includeInIndex = 0; path = "trim-interviewUITests.xctest"; sourceTree = BUILT_PRODUCTS_DIR; };
		2E99AF3D20D65B68000FC977 /* trim_interviewUITests.m */ = {isa = PBXFileReference; lastKnownFileType = sourcecode.c.objc; path = trim_interviewUITests.m; sourceTree = "<group>"; };
		2E99AF3F20D65B68000FC977 /* Info.plist */ = {isa = PBXFileReference; lastKnownFileType = text.plist.xml; path = Info.plist; sourceTree = "<group>"; };
		2EEADE3420D8B282004318DC /* TimerAreaViewController.h */ = {isa = PBXFileReference; lastKnownFileType = sourcecode.c.h; path = TimerAreaViewController.h; sourceTree = "<group>"; };
		2EEADE3520D8B282004318DC /* TimerAreaViewController.m */ = {isa = PBXFileReference; lastKnownFileType = sourcecode.c.objc; path = TimerAreaViewController.m; sourceTree = "<group>"; };
		2EEADE3620D8B282004318DC /* TimerAreaViewController.xib */ = {isa = PBXFileReference; lastKnownFileType = file.xib; path = TimerAreaViewController.xib; sourceTree = "<group>"; };
/* End PBXFileReference section */

/* Begin PBXFrameworksBuildPhase section */
		2E99AF1320D65B65000FC977 /* Frameworks */ = {
			isa = PBXFrameworksBuildPhase;
			buildActionMask = 2147483647;
			files = (
			);
			runOnlyForDeploymentPostprocessing = 0;
		};
		2E99AF2B20D65B68000FC977 /* Frameworks */ = {
			isa = PBXFrameworksBuildPhase;
			buildActionMask = 2147483647;
			files = (
			);
			runOnlyForDeploymentPostprocessing = 0;
		};
		2E99AF3620D65B68000FC977 /* Frameworks */ = {
			isa = PBXFrameworksBuildPhase;
			buildActionMask = 2147483647;
			files = (
			);
			runOnlyForDeploymentPostprocessing = 0;
		};
/* End PBXFrameworksBuildPhase section */

/* Begin PBXGroup section */
		2E99AF0D20D65B65000FC977 = {
			isa = PBXGroup;
			children = (
				2E99AF1820D65B65000FC977 /* trim-interview */,
				2E99AF3120D65B68000FC977 /* trim-interviewTests */,
				2E99AF3C20D65B68000FC977 /* trim-interviewUITests */,
				2E99AF1720D65B65000FC977 /* Products */,
			);
			sourceTree = "<group>";
		};
		2E99AF1720D65B65000FC977 /* Products */ = {
			isa = PBXGroup;
			children = (
				2E99AF1620D65B65000FC977 /* trim-interview.app */,
				2E99AF2E20D65B68000FC977 /* trim-interviewTests.xctest */,
				2E99AF3920D65B68000FC977 /* trim-interviewUITests.xctest */,
			);
			name = Products;
			sourceTree = "<group>";
		};
		2E99AF1820D65B65000FC977 /* trim-interview */ = {
			isa = PBXGroup;
			children = (
				2E99AF1920D65B65000FC977 /* AppDelegate.h */,
				2E99AF1A20D65B65000FC977 /* AppDelegate.m */,
				2E99AF1C20D65B65000FC977 /* ViewController.h */,
				2E99AF1D20D65B65000FC977 /* ViewController.m */,
				2E99AF1F20D65B65000FC977 /* Main.storyboard */,
				2E99AF2220D65B68000FC977 /* Assets.xcassets */,
				2E99AF2420D65B68000FC977 /* LaunchScreen.storyboard */,
				2E99AF2720D65B68000FC977 /* Info.plist */,
				2E99AF2820D65B68000FC977 /* main.m */,
				2EEADE3420D8B282004318DC /* TimerAreaViewController.h */,
				2EEADE3520D8B282004318DC /* TimerAreaViewController.m */,
				2EEADE3620D8B282004318DC /* TimerAreaViewController.xib */,
			);
			path = "trim-interview";
			sourceTree = "<group>";
		};
		2E99AF3120D65B68000FC977 /* trim-interviewTests */ = {
			isa = PBXGroup;
			children = (
				2E99AF3220D65B68000FC977 /* trim_interviewTests.m */,
				2E99AF3420D65B68000FC977 /* Info.plist */,
			);
			path = "trim-interviewTests";
			sourceTree = "<group>";
		};
		2E99AF3C20D65B68000FC977 /* trim-interviewUITests */ = {
			isa = PBXGroup;
			children = (
				2E99AF3D20D65B68000FC977 /* trim_interviewUITests.m */,
				2E99AF3F20D65B68000FC977 /* Info.plist */,
			);
			path = "trim-interviewUITests";
			sourceTree = "<group>";
		};
/* End PBXGroup section */

/* Begin PBXNativeTarget section */
		2E99AF1520D65B65000FC977 /* trim-interview */ = {
			isa = PBXNativeTarget;
			buildConfigurationList = 2E99AF4220D65B68000FC977 /* Build configuration list for PBXNativeTarget "trim-interview" */;
			buildPhases = (
				2E99AF1220D65B65000FC977 /* Sources */,
				2E99AF1320D65B65000FC977 /* Frameworks */,
				2E99AF1420D65B65000FC977 /* Resources */,
			);
			buildRules = (
			);
			dependencies = (
			);
			name = "trim-interview";
			productName = "trim-interview";
			productReference = 2E99AF1620D65B65000FC977 /* trim-interview.app */;
			productType = "com.apple.product-type.application";
		};
		2E99AF2D20D65B68000FC977 /* trim-interviewTests */ = {
			isa = PBXNativeTarget;
			buildConfigurationList = 2E99AF4520D65B68000FC977 /* Build configuration list for PBXNativeTarget "trim-interviewTests" */;
			buildPhases = (
				2E99AF2A20D65B68000FC977 /* Sources */,
				2E99AF2B20D65B68000FC977 /* Frameworks */,
				2E99AF2C20D65B68000FC977 /* Resources */,
			);
			buildRules = (
			);
			dependencies = (
				2E99AF3020D65B68000FC977 /* PBXTargetDependency */,
			);
			name = "trim-interviewTests";
			productName = "trim-interviewTests";
			productReference = 2E99AF2E20D65B68000FC977 /* trim-interviewTests.xctest */;
			productType = "com.apple.product-type.bundle.unit-test";
		};
		2E99AF3820D65B68000FC977 /* trim-interviewUITests */ = {
			isa = PBXNativeTarget;
			buildConfigurationList = 2E99AF4820D65B68000FC977 /* Build configuration list for PBXNativeTarget "trim-interviewUITests" */;
			buildPhases = (
				2E99AF3520D65B68000FC977 /* Sources */,
				2E99AF3620D65B68000FC977 /* Frameworks */,
				2E99AF3720D65B68000FC977 /* Resources */,
			);
			buildRules = (
			);
			dependencies = (
				2E99AF3B20D65B68000FC977 /* PBXTargetDependency */,
			);
			name = "trim-interviewUITests";
			productName = "trim-interviewUITests";
			productReference = 2E99AF3920D65B68000FC977 /* trim-interviewUITests.xctest */;
			productType = "com.apple.product-type.bundle.ui-testing";
		};
/* End PBXNativeTarget section */

/* Begin PBXProject section */
		2E99AF0E20D65B65000FC977 /* Project object */ = {
			isa = PBXProject;
			attributes = {
				LastUpgradeCheck = 0940;
				ORGANIZATIONNAME = merche_o;
				TargetAttributes = {
					2E99AF1520D65B65000FC977 = {
						CreatedOnToolsVersion = 9.4;
					};
					2E99AF2D20D65B68000FC977 = {
						CreatedOnToolsVersion = 9.4;
						TestTargetID = 2E99AF1520D65B65000FC977;
					};
					2E99AF3820D65B68000FC977 = {
						CreatedOnToolsVersion = 9.4;
						TestTargetID = 2E99AF1520D65B65000FC977;
					};
				};
			};
			buildConfigurationList = 2E99AF1120D65B65000FC977 /* Build configuration list for PBXProject "trim-interview" */;
			compatibilityVersion = "Xcode 9.3";
			developmentRegion = en;
			hasScannedForEncodings = 0;
			knownRegions = (
				en,
				Base,
			);
			mainGroup = 2E99AF0D20D65B65000FC977;
			productRefGroup = 2E99AF1720D65B65000FC977 /* Products */;
			projectDirPath = "";
			projectRoot = "";
			targets = (
				2E99AF1520D65B65000FC977 /* trim-interview */,
				2E99AF2D20D65B68000FC977 /* trim-interviewTests */,
				2E99AF3820D65B68000FC977 /* trim-interviewUITests */,
			);
		};
/* End PBXProject section */

/* Begin PBXResourcesBuildPhase section */
		2E99AF1420D65B65000FC977 /* Resources */ = {
			isa = PBXResourcesBuildPhase;
			buildActionMask = 2147483647;
			files = (
				2E99AF2620D65B68000FC977 /* LaunchScreen.storyboard in Resources */,
				2EEADE3820D8B282004318DC /* TimerAreaViewController.xib in Resources */,
				2E99AF2320D65B68000FC977 /* Assets.xcassets in Resources */,
				2E99AF2120D65B65000FC977 /* Main.storyboard in Resources */,
			);
			runOnlyForDeploymentPostprocessing = 0;
		};
		2E99AF2C20D65B68000FC977 /* Resources */ = {
			isa = PBXResourcesBuildPhase;
			buildActionMask = 2147483647;
			files = (
			);
			runOnlyForDeploymentPostprocessing = 0;
		};
		2E99AF3720D65B68000FC977 /* Resources */ = {
			isa = PBXResourcesBuildPhase;
			buildActionMask = 2147483647;
			files = (
			);
			runOnlyForDeploymentPostprocessing = 0;
		};
/* End PBXResourcesBuildPhase section */

/* Begin PBXSourcesBuildPhase section */
		2E99AF1220D65B65000FC977 /* Sources */ = {
			isa = PBXSourcesBuildPhase;
			buildActionMask = 2147483647;
			files = (
				2E99AF1E20D65B65000FC977 /* ViewController.m in Sources */,
				2E99AF2920D65B68000FC977 /* main.m in Sources */,
				2EEADE3720D8B282004318DC /* TimerAreaViewController.m in Sources */,
				2E99AF1B20D65B65000FC977 /* AppDelegate.m in Sources */,
			);
			runOnlyForDeploymentPostprocessing = 0;
		};
		2E99AF2A20D65B68000FC977 /* Sources */ = {
			isa = PBXSourcesBuildPhase;
			buildActionMask = 2147483647;
			files = (
				2E99AF3320D65B68000FC977 /* trim_interviewTests.m in Sources */,
			);
			runOnlyForDeploymentPostprocessing = 0;
		};
		2E99AF3520D65B68000FC977 /* Sources */ = {
			isa = PBXSourcesBuildPhase;
			buildActionMask = 2147483647;
			files = (
				2E99AF3E20D65B68000FC977 /* trim_interviewUITests.m in Sources */,
			);
			runOnlyForDeploymentPostprocessing = 0;
		};
/* End PBXSourcesBuildPhase section */

/* Begin PBXTargetDependency section */
		2E99AF3020D65B68000FC977 /* PBXTargetDependency */ = {
			isa = PBXTargetDependency;
			target = 2E99AF1520D65B65000FC977 /* trim-interview */;
			targetProxy = 2E99AF2F20D65B68000FC977 /* PBXContainerItemProxy */;
		};
		2E99AF3B20D65B68000FC977 /* PBXTargetDependency */ = {
			isa = PBXTargetDependency;
			target = 2E99AF1520D65B65000FC977 /* trim-interview */;
			targetProxy = 2E99AF3A20D65B68000FC977 /* PBXContainerItemProxy */;
		};
/* End PBXTargetDependency section */

/* Begin PBXVariantGroup section */
		2E99AF1F20D65B65000FC977 /* Main.storyboard */ = {
			isa = PBXVariantGroup;
			children = (
				2E99AF2020D65B65000FC977 /* Base */,
			);
			name = Main.storyboard;
			sourceTree = "<group>";
		};
		2E99AF2420D65B68000FC977 /* LaunchScreen.storyboard */ = {
			isa = PBXVariantGroup;
			children = (
				2E99AF2520D65B68000FC977 /* Base */,
			);
			name = LaunchScreen.storyboard;
			sourceTree = "<group>";
		};
/* End PBXVariantGroup section */

/* Begin XCBuildConfiguration section */
		2E99AF4020D65B68000FC977 /* Debug */ = {
			isa = XCBuildConfiguration;
			buildSettings = {
				ALWAYS_SEARCH_USER_PATHS = NO;
				CLANG_ANALYZER_NONNULL = YES;
				CLANG_ANALYZER_NUMBER_OBJECT_CONVERSION = YES_AGGRESSIVE;
				CLANG_CXX_LANGUAGE_STANDARD = "gnu++14";
				CLANG_CXX_LIBRARY = "libc++";
				CLANG_ENABLE_MODULES = YES;
				CLANG_ENABLE_OBJC_ARC = YES;
				CLANG_ENABLE_OBJC_WEAK = YES;
				CLANG_WARN_BLOCK_CAPTURE_AUTORELEASING = YES;
				CLANG_WARN_BOOL_CONVERSION = YES;
				CLANG_WARN_COMMA = YES;
				CLANG_WARN_CONSTANT_CONVERSION = YES;
				CLANG_WARN_DEPRECATED_OBJC_IMPLEMENTATIONS = YES;
				CLANG_WARN_DIRECT_OBJC_ISA_USAGE = YES_ERROR;
				CLANG_WARN_DOCUMENTATION_COMMENTS = YES;
				CLANG_WARN_EMPTY_BODY = YES;
				CLANG_WARN_ENUM_CONVERSION = YES;
				CLANG_WARN_INFINITE_RECURSION = YES;
				CLANG_WARN_INT_CONVERSION = YES;
				CLANG_WARN_NON_LITERAL_NULL_CONVERSION = YES;
				CLANG_WARN_OBJC_IMPLICIT_RETAIN_SELF = YES;
				CLANG_WARN_OBJC_LITERAL_CONVERSION = YES;
				CLANG_WARN_OBJC_ROOT_CLASS = YES_ERROR;
				CLANG_WARN_RANGE_LOOP_ANALYSIS = YES;
				CLANG_WARN_STRICT_PROTOTYPES = YES;
				CLANG_WARN_SUSPICIOUS_MOVE = YES;
				CLANG_WARN_UNGUARDED_AVAILABILITY = YES_AGGRESSIVE;
				CLANG_WARN_UNREACHABLE_CODE = YES;
				CLANG_WARN__DUPLICATE_METHOD_MATCH = YES;
				CODE_SIGN_IDENTITY = "iPhone Developer";
				COPY_PHASE_STRIP = NO;
				DEBUG_INFORMATION_FORMAT = dwarf;
				ENABLE_STRICT_OBJC_MSGSEND = YES;
				ENABLE_TESTABILITY = YES;
				GCC_C_LANGUAGE_STANDARD = gnu11;
				GCC_DYNAMIC_NO_PIC = NO;
				GCC_NO_COMMON_BLOCKS = YES;
				GCC_OPTIMIZATION_LEVEL = 0;
				GCC_PREPROCESSOR_DEFINITIONS = (
					"DEBUG=1",
					"$(inherited)",
				);
				GCC_WARN_64_TO_32_BIT_CONVERSION = YES;
				GCC_WARN_ABOUT_RETURN_TYPE = YES_ERROR;
				GCC_WARN_UNDECLARED_SELECTOR = YES;
				GCC_WARN_UNINITIALIZED_AUTOS = YES_AGGRESSIVE;
				GCC_WARN_UNUSED_FUNCTION = YES;
				GCC_WARN_UNUSED_VARIABLE = YES;
				IPHONEOS_DEPLOYMENT_TARGET = 11.4;
				MTL_ENABLE_DEBUG_INFO = YES;
				ONLY_ACTIVE_ARCH = YES;
				SDKROOT = iphoneos;
			};
			name = Debug;
		};
		2E99AF4120D65B68000FC977 /* Release */ = {
			isa = XCBuildConfiguration;
			buildSettings = {
				ALWAYS_SEARCH_USER_PATHS = NO;
				CLANG_ANALYZER_NONNULL = YES;
				CLANG_ANALYZER_NUMBER_OBJECT_CONVERSION = YES_AGGRESSIVE;
				CLANG_CXX_LANGUAGE_STANDARD = "gnu++14";
				CLANG_CXX_LIBRARY = "libc++";
				CLANG_ENABLE_MODULES = YES;
				CLANG_ENABLE_OBJC_ARC = YES;
				CLANG_ENABLE_OBJC_WEAK = YES;
				CLANG_WARN_BLOCK_CAPTURE_AUTORELEASING = YES;
				CLANG_WARN_BOOL_CONVERSION = YES;
				CLANG_WARN_COMMA = YES;
				CLANG_WARN_CONSTANT_CONVERSION = YES;
				CLANG_WARN_DEPRECATED_OBJC_IMPLEMENTATIONS = YES;
				CLANG_WARN_DIRECT_OBJC_ISA_USAGE = YES_ERROR;
				CLANG_WARN_DOCUMENTATION_COMMENTS = YES;
				CLANG_WARN_EMPTY_BODY = YES;
				CLANG_WARN_ENUM_CONVERSION = YES;
				CLANG_WARN_INFINITE_RECURSION = YES;
				CLANG_WARN_INT_CONVERSION = YES;
				CLANG_WARN_NON_LITERAL_NULL_CONVERSION = YES;
				CLANG_WARN_OBJC_IMPLICIT_RETAIN_SELF = YES;
				CLANG_WARN_OBJC_LITERAL_CONVERSION = YES;
				CLANG_WARN_OBJC_ROOT_CLASS = YES_ERROR;
				CLANG_WARN_RANGE_LOOP_ANALYSIS = YES;
				CLANG_WARN_STRICT_PROTOTYPES = YES;
				CLANG_WARN_SUSPICIOUS_MOVE = YES;
				CLANG_WARN_UNGUARDED_AVAILABILITY = YES_AGGRESSIVE;
				CLANG_WARN_UNREACHABLE_CODE = YES;
				CLANG_WARN__DUPLICATE_METHOD_MATCH = YES;
				CODE_SIGN_IDENTITY = "iPhone Developer";
				COPY_PHASE_STRIP = NO;
				DEBUG_INFORMATION_FORMAT = "dwarf-with-dsym";
				ENABLE_NS_ASSERTIONS = NO;
				ENABLE_STRICT_OBJC_MSGSEND = YES;
				GCC_C_LANGUAGE_STANDARD = gnu11;
				GCC_NO_COMMON_BLOCKS = YES;
				GCC_WARN_64_TO_32_BIT_CONVERSION = YES;
				GCC_WARN_ABOUT_RETURN_TYPE = YES_ERROR;
				GCC_WARN_UNDECLARED_SELECTOR = YES;
				GCC_WARN_UNINITIALIZED_AUTOS = YES_AGGRESSIVE;
				GCC_WARN_UNUSED_FUNCTION = YES;
				GCC_WARN_UNUSED_VARIABLE = YES;
				IPHONEOS_DEPLOYMENT_TARGET = 11.4;
				MTL_ENABLE_DEBUG_INFO = NO;
				SDKROOT = iphoneos;
				VALIDATE_PRODUCT = YES;
			};
			name = Release;
		};
		2E99AF4320D65B68000FC977 /* Debug */ = {
			isa = XCBuildConfiguration;
			buildSettings = {
				ASSETCATALOG_COMPILER_APPICON_NAME = AppIcon;
				CODE_SIGN_STYLE = Automatic;
				DEVELOPMENT_TEAM = 5NKF6T2637;
				INFOPLIST_FILE = "trim-interview/Info.plist";
				LD_RUNPATH_SEARCH_PATHS = (
					"$(inherited)",
					"@executable_path/Frameworks",
				);
				PRODUCT_BUNDLE_IDENTIFIER = "merche-o.trim-interview";
				PRODUCT_NAME = "$(TARGET_NAME)";
				TARGETED_DEVICE_FAMILY = "1,2";
			};
			name = Debug;
		};
		2E99AF4420D65B68000FC977 /* Release */ = {
			isa = XCBuildConfiguration;
			buildSettings = {
				ASSETCATALOG_COMPILER_APPICON_NAME = AppIcon;
				CODE_SIGN_STYLE = Automatic;
				DEVELOPMENT_TEAM = 5NKF6T2637;
				INFOPLIST_FILE = "trim-interview/Info.plist";
				LD_RUNPATH_SEARCH_PATHS = (
					"$(inherited)",
					"@executable_path/Frameworks",
				);
				PRODUCT_BUNDLE_IDENTIFIER = "merche-o.trim-interview";
				PRODUCT_NAME = "$(TARGET_NAME)";
				TARGETED_DEVICE_FAMILY = "1,2";
			};
			name = Release;
		};
		2E99AF4620D65B68000FC977 /* Debug */ = {
			isa = XCBuildConfiguration;
			buildSettings = {
				BUNDLE_LOADER = "$(TEST_HOST)";
				CODE_SIGN_STYLE = Automatic;
				DEVELOPMENT_TEAM = 5NKF6T2637;
				INFOPLIST_FILE = "trim-interviewTests/Info.plist";
				LD_RUNPATH_SEARCH_PATHS = (
					"$(inherited)",
					"@executable_path/Frameworks",
					"@loader_path/Frameworks",
				);
				PRODUCT_BUNDLE_IDENTIFIER = "merche-o.trim-interviewTests";
				PRODUCT_NAME = "$(TARGET_NAME)";
				TARGETED_DEVICE_FAMILY = "1,2";
				TEST_HOST = "$(BUILT_PRODUCTS_DIR)/trim-interview.app/trim-interview";
			};
			name = Debug;
		};
		2E99AF4720D65B68000FC977 /* Release */ = {
			isa = XCBuildConfiguration;
			buildSettings = {
				BUNDLE_LOADER = "$(TEST_HOST)";
				CODE_SIGN_STYLE = Automatic;
				DEVELOPMENT_TEAM = 5NKF6T2637;
				INFOPLIST_FILE = "trim-interviewTests/Info.plist";
				LD_RUNPATH_SEARCH_PATHS = (
					"$(inherited)",
					"@executable_path/Frameworks",
					"@loader_path/Frameworks",
				);
				PRODUCT_BUNDLE_IDENTIFIER = "merche-o.trim-interviewTests";
				PRODUCT_NAME = "$(TARGET_NAME)";
				TARGETED_DEVICE_FAMILY = "1,2";
				TEST_HOST = "$(BUILT_PRODUCTS_DIR)/trim-interview.app/trim-interview";
			};
			name = Release;
		};
		2E99AF4920D65B68000FC977 /* Debug */ = {
			isa = XCBuildConfiguration;
			buildSettings = {
				CODE_SIGN_STYLE = Automatic;
				DEVELOPMENT_TEAM = 5NKF6T2637;
				INFOPLIST_FILE = "trim-interviewUITests/Info.plist";
				LD_RUNPATH_SEARCH_PATHS = (
					"$(inherited)",
					"@executable_path/Frameworks",
					"@loader_path/Frameworks",
				);
				PRODUCT_BUNDLE_IDENTIFIER = "merche-o.trim-interviewUITests";
				PRODUCT_NAME = "$(TARGET_NAME)";
				TARGETED_DEVICE_FAMILY = "1,2";
				TEST_TARGET_NAME = "trim-interview";
			};
			name = Debug;
		};
		2E99AF4A20D65B68000FC977 /* Release */ = {
			isa = XCBuildConfiguration;
			buildSettings = {
				CODE_SIGN_STYLE = Automatic;
				DEVELOPMENT_TEAM = 5NKF6T2637;
				INFOPLIST_FILE = "trim-interviewUITests/Info.plist";
				LD_RUNPATH_SEARCH_PATHS = (
					"$(inherited)",
					"@executable_path/Frameworks",
					"@loader_path/Frameworks",
				);
				PRODUCT_BUNDLE_IDENTIFIER = "merche-o.trim-interviewUITests";
				PRODUCT_NAME = "$(TARGET_NAME)";
				TARGETED_DEVICE_FAMILY = "1,2";
				TEST_TARGET_NAME = "trim-interview";
			};
			name = Release;
		};
/* End XCBuildConfiguration section */

/* Begin XCConfigurationList section */
		2E99AF1120D65B65000FC977 /* Build configuration list for PBXProject "trim-interview" */ = {
			isa = XCConfigurationList;
			buildConfigurations = (
				2E99AF4020D65B68000FC977 /* Debug */,
				2E99AF4120D65B68000FC977 /* Release */,
			);
			defaultConfigurationIsVisible = 0;
			defaultConfigurationName = Release;
		};
		2E99AF4220D65B68000FC977 /* Build configuration list for PBXNativeTarget "trim-interview" */ = {
			isa = XCConfigurationList;
			buildConfigurations = (
				2E99AF4320D65B68000FC977 /* Debug */,
				2E99AF4420D65B68000FC977 /* Release */,
			);
			defaultConfigurationIsVisible = 0;
			defaultConfigurationName = Release;
		};
		2E99AF4520D65B68000FC977 /* Build configuration list for PBXNativeTarget "trim-interviewTests" */ = {
			isa = XCConfigurationList;
			buildConfigurations = (
				2E99AF4620D65B68000FC977 /* Debug */,
				2E99AF4720D65B68000FC977 /* Release */,
			);
			defaultConfigurationIsVisible = 0;
			defaultConfigurationName = Release;
		};
		2E99AF4820D65B68000FC977 /* Build configuration list for PBXNativeTarget "trim-interviewUITests" */ = {
			isa = XCConfigurationList;
			buildConfigurations = (
				2E99AF4920D65B68000FC977 /* Debug */,
				2E99AF4A20D65B68000FC977 /* Release */,
			);
			defaultConfigurationIsVisible = 0;
			defaultConfigurationName = Release;
		};
/* End XCConfigurationList section */
	};
	rootObject = 2E99AF0E20D65B65000FC977 /* Project object */;
}
